
Microsoft Visual Studio Solution File, Format Version 12.00
# Visual Studio Version 17
VisualStudioVersion = 17.9.34728.123
MinimumVisualStudioVersion = 10.0.40219.1
Project("{FAE04EC0-301F-11D3-BF4B-00C04F79EFBC}") = "TeleAfiaAppDotNet.Api", "TeleAfiaAppDotNet.Api\TeleAfiaAppDotNet.Api.csproj", "{BF8A458A-14BE-4504-A05A-89CD5CBCD784}"
EndProject
Project("{FAE04EC0-301F-11D3-BF4B-00C04F79EFBC}") = "TeleAfiaAppDotNet.Application", "TeleAfiaAppDotNet.Application\TeleAfiaAppDotNet.Application.csproj", "{852FB0F3-3AA7-4D80-8B29-626A2A57CDE9}"
EndProject
Project("{FAE04EC0-301F-11D3-BF4B-00C04F79EFBC}") = "TeleAfiaAppDotNet.Domain", "TeleAfiaAppDotNet.Domain\TeleAfiaAppDotNet.Domain.csproj", "{50250481-D26B-4918-ACDD-60014EC1509B}"
EndProject
Project("{FAE04EC0-301F-11D3-BF4B-00C04F79EFBC}") = "TeleAfiaAppDotNet.Contracts", "TeleAfiaAppDotNet.Contracts\TeleAfiaAppDotNet.Contracts.csproj", "{E12292C1-D71E-4E12-A7D8-6B56813BC4B4}"
EndProject
Project("{FAE04EC0-301F-11D3-BF4B-00C04F79EFBC}") = "TeleAfiaAppDotNet.Infrastructure", "TeleAfiaAppDotNet.Infrastructure\TeleAfiaAppDotNet.Infrastructure.csproj", "{1618007F-F7EF-4071-829D-7EA268BDE076}"
EndProject
Global
	GlobalSection(SolutionConfigurationPlatforms) = preSolution
		Debug|Any CPU = Debug|Any CPU
		Release|Any CPU = Release|Any CPU
	EndGlobalSection
	GlobalSection(ProjectConfigurationPlatforms) = postSolution
		{BF8A458A-14BE-4504-A05A-89CD5CBCD784}.Debug|Any CPU.ActiveCfg = Debug|Any CPU
		{BF8A458A-14BE-4504-A05A-89CD5CBCD784}.Debug|Any CPU.Build.0 = Debug|Any CPU
		{BF8A458A-14BE-4504-A05A-89CD5CBCD784}.Release|Any CPU.ActiveCfg = Release|Any CPU
		{BF8A458A-14BE-4504-A05A-89CD5CBCD784}.Release|Any CPU.Build.0 = Release|Any CPU
		{852FB0F3-3AA7-4D80-8B29-626A2A57CDE9}.Debug|Any CPU.ActiveCfg = Debug|Any CPU
		{852FB0F3-3AA7-4D80-8B29-626A2A57CDE9}.Debug|Any CPU.Build.0 = Debug|Any CPU
		{852FB0F3-3AA7-4D80-8B29-626A2A57CDE9}.Release|Any CPU.ActiveCfg = Release|Any CPU
		{852FB0F3-3AA7-4D80-8B29-626A2A57CDE9}.Release|Any CPU.Build.0 = Release|Any CPU
		{50250481-D26B-4918-ACDD-60014EC1509B}.Debug|Any CPU.ActiveCfg = Debug|Any CPU
		{50250481-D26B-4918-ACDD-60014EC1509B}.Debug|Any CPU.Build.0 = Debug|Any CPU
		{50250481-D26B-4918-ACDD-60014EC1509B}.Release|Any CPU.ActiveCfg = Release|Any CPU
		{50250481-D26B-4918-ACDD-60014EC1509B}.Release|Any CPU.Build.0 = Release|Any CPU
		{E12292C1-D71E-4E12-A7D8-6B56813BC4B4}.Debug|Any CPU.ActiveCfg = Debug|Any CPU
		{E12292C1-D71E-4E12-A7D8-6B56813BC4B4}.Debug|Any CPU.Build.0 = Debug|Any CPU
		{E12292C1-D71E-4E12-A7D8-6B56813BC4B4}.Release|Any CPU.ActiveCfg = Release|Any CPU
		{E12292C1-D71E-4E12-A7D8-6B56813BC4B4}.Release|Any CPU.Build.0 = Release|Any CPU
		{1618007F-F7EF-4071-829D-7EA268BDE076}.Debug|Any CPU.ActiveCfg = Debug|Any CPU
		{1618007F-F7EF-4071-829D-7EA268BDE076}.Debug|Any CPU.Build.0 = Debug|Any CPU
		{1618007F-F7EF-4071-829D-7EA268BDE076}.Release|Any CPU.ActiveCfg = Release|Any CPU
		{1618007F-F7EF-4071-829D-7EA268BDE076}.Release|Any CPU.Build.0 = Release|Any CPU
	EndGlobalSection
	GlobalSection(SolutionProperties) = preSolution
		HideSolutionNode = FALSE
	EndGlobalSection
	GlobalSection(ExtensibilityGlobals) = postSolution
		SolutionGuid = {B7514088-A61C-4785-BF13-9389A229CDBF}
	EndGlobalSection
EndGlobal
